
Microsoft Visual Studio Solution File, Format Version 12.00
# Visual Studio Version 17
VisualStudioVersion = 17.4.33110.190
MinimumVisualStudioVersion = 10.0.40219.1
Project("{9A19103F-16F7-4668-BE54-9A1E7A4F7556}") = "IPBot.API", "IPBot.API\IPBot.API.csproj", "{DE36CD7C-21EB-4CAE-AA02-397B194960D2}"
EndProject
Project("{FAE04EC0-301F-11D3-BF4B-00C04F79EFBC}") = "IPBot.API.DataServices", "IPBot.API.DataServices\IPBot.API.DataServices.csproj", "{C26BC85E-62C1-44E6-A8B6-51C2D7C17775}"
EndProject
Project("{FAE04EC0-301F-11D3-BF4B-00C04F79EFBC}") = "IPBot.Shared", "..\IPBot.Shared\IPBot.Shared.csproj", "{D50A206E-D80C-4E7C-866E-F087462F4771}"
EndProject
Project("{FAE04EC0-301F-11D3-BF4B-00C04F79EFBC}") = "IPBot.Infrastructure", "..\IPBot.Infrastructure\IPBot.Infrastructure.csproj", "{3EFB1101-A99B-4353-B213-15E9D4B5EA19}"
EndProject
Global
	GlobalSection(SolutionConfigurationPlatforms) = preSolution
		Debug|Any CPU = Debug|Any CPU
		Release|Any CPU = Release|Any CPU
	EndGlobalSection
	GlobalSection(ProjectConfigurationPlatforms) = postSolution
		{DE36CD7C-21EB-4CAE-AA02-397B194960D2}.Debug|Any CPU.ActiveCfg = Debug|Any CPU
		{DE36CD7C-21EB-4CAE-AA02-397B194960D2}.Debug|Any CPU.Build.0 = Debug|Any CPU
		{DE36CD7C-21EB-4CAE-AA02-397B194960D2}.Release|Any CPU.ActiveCfg = Release|Any CPU
		{DE36CD7C-21EB-4CAE-AA02-397B194960D2}.Release|Any CPU.Build.0 = Release|Any CPU
		{C26BC85E-62C1-44E6-A8B6-51C2D7C17775}.Debug|Any CPU.ActiveCfg = Debug|Any CPU
		{C26BC85E-62C1-44E6-A8B6-51C2D7C17775}.Debug|Any CPU.Build.0 = Debug|Any CPU
		{C26BC85E-62C1-44E6-A8B6-51C2D7C17775}.Release|Any CPU.ActiveCfg = Release|Any CPU
		{C26BC85E-62C1-44E6-A8B6-51C2D7C17775}.Release|Any CPU.Build.0 = Release|Any CPU
		{D50A206E-D80C-4E7C-866E-F087462F4771}.Debug|Any CPU.ActiveCfg = Debug|Any CPU
		{D50A206E-D80C-4E7C-866E-F087462F4771}.Debug|Any CPU.Build.0 = Debug|Any CPU
		{D50A206E-D80C-4E7C-866E-F087462F4771}.Release|Any CPU.ActiveCfg = Release|Any CPU
		{D50A206E-D80C-4E7C-866E-F087462F4771}.Release|Any CPU.Build.0 = Release|Any CPU
		{3EFB1101-A99B-4353-B213-15E9D4B5EA19}.Debug|Any CPU.ActiveCfg = Debug|Any CPU
		{3EFB1101-A99B-4353-B213-15E9D4B5EA19}.Debug|Any CPU.Build.0 = Debug|Any CPU
		{3EFB1101-A99B-4353-B213-15E9D4B5EA19}.Release|Any CPU.ActiveCfg = Release|Any CPU
		{3EFB1101-A99B-4353-B213-15E9D4B5EA19}.Release|Any CPU.Build.0 = Release|Any CPU
	EndGlobalSection
	GlobalSection(SolutionProperties) = preSolution
		HideSolutionNode = FALSE
	EndGlobalSection
	GlobalSection(ExtensibilityGlobals) = postSolution
		SolutionGuid = {A9555554-C2BF-4B33-9483-292F37E32D60}
	EndGlobalSection
EndGlobal
