
Microsoft Visual Studio Solution File, Format Version 12.00
# Visual Studio Version 17
VisualStudioVersion = 17.0.31912.275
MinimumVisualStudioVersion = 10.0.40219.1
Project("{9A19103F-16F7-4668-BE54-9A1E7A4F7556}") = "IPBot", "IPBot\IPBot.csproj", "{51AD51CF-CC75-47B1-8EBE-AE4B72610323}"
EndProject
Project("{9A19103F-16F7-4668-BE54-9A1E7A4F7556}") = "IPBot.Infrastructure", "..\IPBot.Infrastructure\IPBot.Infrastructure\IPBot.Infrastructure.csproj", "{06D9D686-2341-4B90-9598-045D3EE0A44A}"
EndProject
Project("{FAE04EC0-301F-11D3-BF4B-00C04F79EFBC}") = "IPBot.API.Shared", "..\IPBot.API.Shared\IPBot.API.Shared.csproj", "{1C5CA8E7-0EED-4C67-903E-D76628057F1F}"
EndProject
Global
	GlobalSection(SolutionConfigurationPlatforms) = preSolution
		Debug|Any CPU = Debug|Any CPU
		Release|Any CPU = Release|Any CPU
	EndGlobalSection
	GlobalSection(ProjectConfigurationPlatforms) = postSolution
		{51AD51CF-CC75-47B1-8EBE-AE4B72610323}.Debug|Any CPU.ActiveCfg = Debug|Any CPU
		{51AD51CF-CC75-47B1-8EBE-AE4B72610323}.Debug|Any CPU.Build.0 = Debug|Any CPU
		{51AD51CF-CC75-47B1-8EBE-AE4B72610323}.Release|Any CPU.ActiveCfg = Release|Any CPU
		{51AD51CF-CC75-47B1-8EBE-AE4B72610323}.Release|Any CPU.Build.0 = Release|Any CPU
		{06D9D686-2341-4B90-9598-045D3EE0A44A}.Debug|Any CPU.ActiveCfg = Debug|Any CPU
		{06D9D686-2341-4B90-9598-045D3EE0A44A}.Debug|Any CPU.Build.0 = Debug|Any CPU
		{06D9D686-2341-4B90-9598-045D3EE0A44A}.Release|Any CPU.ActiveCfg = Release|Any CPU
		{06D9D686-2341-4B90-9598-045D3EE0A44A}.Release|Any CPU.Build.0 = Release|Any CPU
		{1C5CA8E7-0EED-4C67-903E-D76628057F1F}.Debug|Any CPU.ActiveCfg = Debug|Any CPU
		{1C5CA8E7-0EED-4C67-903E-D76628057F1F}.Debug|Any CPU.Build.0 = Debug|Any CPU
		{1C5CA8E7-0EED-4C67-903E-D76628057F1F}.Release|Any CPU.ActiveCfg = Release|Any CPU
		{1C5CA8E7-0EED-4C67-903E-D76628057F1F}.Release|Any CPU.Build.0 = Release|Any CPU
	EndGlobalSection
	GlobalSection(SolutionProperties) = preSolution
		HideSolutionNode = FALSE
	EndGlobalSection
	GlobalSection(ExtensibilityGlobals) = postSolution
		SolutionGuid = {BA1D5EB9-C086-4FC2-9B81-42DE4ADDB241}
	EndGlobalSection
EndGlobal
