
Microsoft Visual Studio Solution File, Format Version 12.00
# Visual Studio Version 17
VisualStudioVersion = 17.0.31912.275
MinimumVisualStudioVersion = 10.0.40219.1
Project("{9A19103F-16F7-4668-BE54-9A1E7A4F7556}") = "IPBot", "IPBot\IPBot.csproj", "{51AD51CF-CC75-47B1-8EBE-AE4B72610323}"
EndProject
Project("{9A19103F-16F7-4668-BE54-9A1E7A4F7556}") = "IPBot.Common", "IPBot.Common\IPBot.Common.csproj", "{4AFAF16C-159C-49F9-9E7F-2FE05B87C54B}"
EndProject
Project("{9A19103F-16F7-4668-BE54-9A1E7A4F7556}") = "IPBot.API", "IPBot.API\IPBot.API.csproj", "{7213775A-B2F5-49EC-A05B-3E7B5051DDDC}"
EndProject
Project("{9A19103F-16F7-4668-BE54-9A1E7A4F7556}") = "IPBot.API.Domain", "IPBot.API.Domain\IPBot.API.Domain.csproj", "{7D40CC4C-5A30-4D62-A642-80B49AADAE34}"
EndProject
Global
	GlobalSection(SolutionConfigurationPlatforms) = preSolution
		Debug|Any CPU = Debug|Any CPU
		Release|Any CPU = Release|Any CPU
	EndGlobalSection
	GlobalSection(ProjectConfigurationPlatforms) = postSolution
		{51AD51CF-CC75-47B1-8EBE-AE4B72610323}.Debug|Any CPU.ActiveCfg = Debug|Any CPU
		{51AD51CF-CC75-47B1-8EBE-AE4B72610323}.Debug|Any CPU.Build.0 = Debug|Any CPU
		{51AD51CF-CC75-47B1-8EBE-AE4B72610323}.Release|Any CPU.ActiveCfg = Release|Any CPU
		{51AD51CF-CC75-47B1-8EBE-AE4B72610323}.Release|Any CPU.Build.0 = Release|Any CPU
		{4AFAF16C-159C-49F9-9E7F-2FE05B87C54B}.Debug|Any CPU.ActiveCfg = Debug|Any CPU
		{4AFAF16C-159C-49F9-9E7F-2FE05B87C54B}.Debug|Any CPU.Build.0 = Debug|Any CPU
		{4AFAF16C-159C-49F9-9E7F-2FE05B87C54B}.Release|Any CPU.ActiveCfg = Release|Any CPU
		{4AFAF16C-159C-49F9-9E7F-2FE05B87C54B}.Release|Any CPU.Build.0 = Release|Any CPU
		{7213775A-B2F5-49EC-A05B-3E7B5051DDDC}.Debug|Any CPU.ActiveCfg = Debug|Any CPU
		{7213775A-B2F5-49EC-A05B-3E7B5051DDDC}.Debug|Any CPU.Build.0 = Debug|Any CPU
		{7213775A-B2F5-49EC-A05B-3E7B5051DDDC}.Release|Any CPU.ActiveCfg = Release|Any CPU
		{7213775A-B2F5-49EC-A05B-3E7B5051DDDC}.Release|Any CPU.Build.0 = Release|Any CPU
		{7D40CC4C-5A30-4D62-A642-80B49AADAE34}.Debug|Any CPU.ActiveCfg = Debug|Any CPU
		{7D40CC4C-5A30-4D62-A642-80B49AADAE34}.Debug|Any CPU.Build.0 = Debug|Any CPU
		{7D40CC4C-5A30-4D62-A642-80B49AADAE34}.Release|Any CPU.ActiveCfg = Release|Any CPU
		{7D40CC4C-5A30-4D62-A642-80B49AADAE34}.Release|Any CPU.Build.0 = Release|Any CPU
	EndGlobalSection
	GlobalSection(SolutionProperties) = preSolution
		HideSolutionNode = FALSE
	EndGlobalSection
	GlobalSection(ExtensibilityGlobals) = postSolution
		SolutionGuid = {BA1D5EB9-C086-4FC2-9B81-42DE4ADDB241}
	EndGlobalSection
EndGlobal
